
Microsoft Visual Studio Solution File, Format Version 12.00
# Visual Studio Version 16
VisualStudioVersion = 16.0.33027.164
MinimumVisualStudioVersion = 10.0.40219.1
Project("{FAE04EC0-301F-11D3-BF4B-00C04F79EFBC}") = "09-02-2023", "09-02-2023.csproj", "{292C463D-8CCC-4C74-849D-7E398A43C69B}"
EndProject
Global
	GlobalSection(SolutionConfigurationPlatforms) = preSolution
		Debug|Any CPU = Debug|Any CPU
		Release|Any CPU = Release|Any CPU
	EndGlobalSection
	GlobalSection(ProjectConfigurationPlatforms) = postSolution
		{292C463D-8CCC-4C74-849D-7E398A43C69B}.Debug|Any CPU.ActiveCfg = Debug|Any CPU
		{292C463D-8CCC-4C74-849D-7E398A43C69B}.Debug|Any CPU.Build.0 = Debug|Any CPU
		{292C463D-8CCC-4C74-849D-7E398A43C69B}.Release|Any CPU.ActiveCfg = Release|Any CPU
		{292C463D-8CCC-4C74-849D-7E398A43C69B}.Release|Any CPU.Build.0 = Release|Any CPU
	EndGlobalSection
	GlobalSection(SolutionProperties) = preSolution
		HideSolutionNode = FALSE
	EndGlobalSection
	GlobalSection(ExtensibilityGlobals) = postSolution
		SolutionGuid = {0D9804B9-6712-47AE-A588-3CE8559F2195}
	EndGlobalSection
EndGlobal
